
Microsoft Visual Studio Solution File, Format Version 12.00
# Visual Studio Version 17
VisualStudioVersion = 17.0.31903.59
MinimumVisualStudioVersion = 10.0.40219.1
Project("{9A19103F-16F7-4668-BE54-9A1E7A4F7556}") = "WebLab", "WebLab.csproj", "{A96131D2-A6A8-4536-B5F2-9F8098580915}"
EndProject
Global
	GlobalSection(SolutionConfigurationPlatforms) = preSolution
		Debug|Any CPU = Debug|Any CPU
		Release|Any CPU = Release|Any CPU
	EndGlobalSection
	GlobalSection(ProjectConfigurationPlatforms) = postSolution
		{A96131D2-A6A8-4536-B5F2-9F8098580915}.Debug|Any CPU.ActiveCfg = Debug|Any CPU
		{A96131D2-A6A8-4536-B5F2-9F8098580915}.Debug|Any CPU.Build.0 = Debug|Any CPU
		{A96131D2-A6A8-4536-B5F2-9F8098580915}.Release|Any CPU.ActiveCfg = Release|Any CPU
		{A96131D2-A6A8-4536-B5F2-9F8098580915}.Release|Any CPU.Build.0 = Release|Any CPU
	EndGlobalSection
	GlobalSection(SolutionProperties) = preSolution
		HideSolutionNode = FALSE
	EndGlobalSection
	GlobalSection(ExtensibilityGlobals) = postSolution
		SolutionGuid = {3ECA3E5F-02C9-4096-A5DB-B108B76C787C}
	EndGlobalSection
EndGlobal
